
Microsoft Visual Studio Solution File, Format Version 12.00
# Visual Studio Version 17
VisualStudioVersion = 17.13.35931.197
MinimumVisualStudioVersion = 10.0.40219.1
Project("{2150E333-8FDC-42A3-9474-1A3956D46DE8}") = "src", "src", "{02EA681E-C7D8-13C7-8484-4AC65E1B71E8}"
EndProject
Project("{2150E333-8FDC-42A3-9474-1A3956D46DE8}") = "Modules", "Modules", "{C4B7041C-C521-4F82-8D56-34282C0D8646}"
EndProject
Project("{2150E333-8FDC-42A3-9474-1A3956D46DE8}") = "Identity", "Identity", "{2A146D7A-0E74-42B3-8AA8-79637241247A}"
EndProject
Project("{FAE04EC0-301F-11D3-BF4B-00C04F79EFBC}") = "Identity.Domain", "src\Modules\Identity\Identity.Domain\Identity.Domain.csproj", "{D1B279C2-D1CE-454F-BB0A-B79C65D344E4}"
EndProject
Project("{FAE04EC0-301F-11D3-BF4B-00C04F79EFBC}") = "Identity.Infrastructure", "src\Modules\Identity\Identity.Infrastructure\Identity.Infrastructure.csproj", "{072473E1-4AC9-4F89-A445-92177FADDD81}"
EndProject
Project("{FAE04EC0-301F-11D3-BF4B-00C04F79EFBC}") = "Identity.Application", "src\Modules\Identity\Identity.Application\Identity.Application.csproj", "{CA805B52-173D-45F5-878D-AACBEB29A244}"
EndProject
Project("{2150E333-8FDC-42A3-9474-1A3956D46DE8}") = "WebApi", "WebApi", "{00FD547A-BC46-4F3F-97F4-AA3B557EF956}"
EndProject
Project("{FAE04EC0-301F-11D3-BF4B-00C04F79EFBC}") = "Identity.Api", "src\WebApi\Identity.Api\Identity.Api.csproj", "{ADF25378-638B-4020-A0AE-B35EE9C69AF4}"
EndProject
Project("{2150E333-8FDC-42A3-9474-1A3956D46DE8}") = "Shared", "Shared", "{AA0B6F39-9B3A-4C79-9FA6-AFE063A551E7}"
EndProject
Project("{FAE04EC0-301F-11D3-BF4B-00C04F79EFBC}") = "SharedKernel", "src\Shared\SharedKernel\SharedKernel.csproj", "{6AA33EAF-8AA7-4F71-8515-AB3C6446E10D}"
EndProject
Project("{2150E333-8FDC-42A3-9474-1A3956D46DE8}") = "Engineering", "Engineering", "{BDF6B5CE-B33C-400E-9E9A-B31B1C6A3B26}"
EndProject
Project("{FAE04EC0-301F-11D3-BF4B-00C04F79EFBC}") = "Engineering.Domain", "src\Modules\Engineering\Engineering.Domain\Engineering.Domain.csproj", "{0EFB9465-F9E1-43C8-B28E-EB01D0ADA8AD}"
EndProject
Project("{FAE04EC0-301F-11D3-BF4B-00C04F79EFBC}") = "Engineering.Application", "src\Modules\Engineering\Engineering.Application\Engineering.Application.csproj", "{AFF26EC9-717D-4EC0-8A31-B2C7C3B0716E}"
EndProject
Project("{FAE04EC0-301F-11D3-BF4B-00C04F79EFBC}") = "Engineering.Infrastructure", "src\Modules\Engineering\Engineering.Infrastructure\Engineering.Infrastructure.csproj", "{0AC14927-8062-4534-9526-67738C797C38}"
EndProject
Project("{2150E333-8FDC-42A3-9474-1A3956D46DE8}") = "SGI", "SGI", "{9363C864-315E-40CE-BD92-D84FFED91E40}"
EndProject
Project("{FAE04EC0-301F-11D3-BF4B-00C04F79EFBC}") = "SGI.Application", "src\Modules\SGI\SGI.Application\SGI.Application.csproj", "{DC297C3D-9416-45AD-8F1A-4EA45F7B9551}"
EndProject
Project("{FAE04EC0-301F-11D3-BF4B-00C04F79EFBC}") = "SGI.Domain", "src\Modules\SGI\SGI.Domain\SGI.Domain.csproj", "{67C9AE01-F8FD-456D-AAB1-289B273061BE}"
EndProject
Project("{FAE04EC0-301F-11D3-BF4B-00C04F79EFBC}") = "SGI.Infrastructure", "src\Modules\SGI\SGI.Infrastructure\SGI.Infrastructure.csproj", "{DEAAE6ED-DD41-4364-8988-A878AF105EE7}"
EndProject
Project("{2150E333-8FDC-42A3-9474-1A3956D46DE8}") = "Logistics", "Logistics", "{1F7CBBBA-F49E-49E3-AD4C-5C9C18727AD8}"
EndProject
Project("{FAE04EC0-301F-11D3-BF4B-00C04F79EFBC}") = "Logistics.Domain", "src\Modules\Logistics\Logistics.Domain\Logistics.Domain.csproj", "{EDCBD97E-68B0-4C9D-97CC-101EB682528C}"
EndProject
Project("{FAE04EC0-301F-11D3-BF4B-00C04F79EFBC}") = "Logistics.Application", "src\Modules\Logistics\Logistics.Application\Logistics.Application.csproj", "{342D79C4-4450-4107-9408-E3E0B7B58B37}"
EndProject
Project("{FAE04EC0-301F-11D3-BF4B-00C04F79EFBC}") = "Logistics.Infrastructure", "src\Modules\Logistics\Logistics.Infrastructure\Logistics.Infrastructure.csproj", "{E14E2F6C-8BE7-45F3-B6E2-A7821463DA91}"
Project("{2150E333-8FDC-42A3-9474-1A3956D46DE8}") = "Country", "Country", "{79B944F6-5DB2-4CDC-A225-8172DA47DEDC}"
EndProject
Project("{FAE04EC0-301F-11D3-BF4B-00C04F79EFBC}") = "Country.Application", "src\Modules\Country\Country.Application\Country.Application.csproj", "{BE1BBC05-2448-C08C-2F12-402165F807B8}"
EndProject
Project("{FAE04EC0-301F-11D3-BF4B-00C04F79EFBC}") = "Country.Domain", "src\Modules\Country\Country.Domain\Country.Domain.csproj", "{07E85DE9-8E62-59DC-277C-4B14F9C55800}"
EndProject
Project("{FAE04EC0-301F-11D3-BF4B-00C04F79EFBC}") = "Country.Infrastructure", "src\Modules\Country\Country.Infrastructure\Country.Infrastructure.csproj", "{5CB05474-C2F9-8D91-2106-6F5EBF35C26A}"
EndProject
Project("{2150E333-8FDC-42A3-9474-1A3956D46DE8}") = "City", "City", "{1861DF4E-B06B-4FC9-9EF3-931FFD90748B}"
EndProject
Project("{FAE04EC0-301F-11D3-BF4B-00C04F79EFBC}") = "City.Application", "src\Modules\City\City.Application\City.Application.csproj", "{C44CEE91-BE49-FE76-28A6-60B64D2F95FD}"
EndProject
Project("{FAE04EC0-301F-11D3-BF4B-00C04F79EFBC}") = "City.Domain", "src\Modules\City\Ciy.Domain\City.Domain.csproj", "{AACAE0D6-45D1-ABB6-30A4-61E6F3F9F954}"
	ProjectSection(ProjectDependencies) = postProject
		{07E85DE9-8E62-59DC-277C-4B14F9C55800} = {07E85DE9-8E62-59DC-277C-4B14F9C55800}
	EndProjectSection
EndProject
Project("{FAE04EC0-301F-11D3-BF4B-00C04F79EFBC}") = "City.Infrastructure", "src\Modules\City\City.Infrastructure\City.Infrastructure.csproj", "{98B4D460-E36E-8891-3AE5-94448D1FE19D}"
EndProject
Project("{2150E333-8FDC-42A3-9474-1A3956D46DE8}") = "CourierJob", "CourierJob", "{0F854B69-D50F-4C48-B648-7C7418DF7532}"
EndProject
Project("{2150E333-8FDC-42A3-9474-1A3956D46DE8}") = "ResultCouriers", "ResultCouriers", "{404EEBCF-A6D4-4A1F-B308-448546B315F6}"
EndProject
Project("{2150E333-8FDC-42A3-9474-1A3956D46DE8}") = "Couriers", "Couriers", "{DEDD2C61-FB65-4953-9B8A-FE6CDDA45DE1}"
EndProject
Project("{FAE04EC0-301F-11D3-BF4B-00C04F79EFBC}") = "Couriers.Domain", "src\Modules\Couriers\Couriers.Domain\Couriers.Domain.csproj", "{4D268544-BB1B-0B4A-52A0-CFD79E5416E2}"
EndProject
Project("{FAE04EC0-301F-11D3-BF4B-00C04F79EFBC}") = "Couriers.Infrastructure", "src\Modules\Couriers\Couriers.Infrastructure\Couriers.Infrastructure.csproj", "{934B4FB8-3BAA-D769-72B5-B329B7D615EF}"
EndProject
Project("{FAE04EC0-301F-11D3-BF4B-00C04F79EFBC}") = "CourierJob.Domain", "src\Modules\CourierJob\CourierJob.Domain\CourierJob.Domain.csproj", "{247A8D6E-DECC-7A1F-BADD-AD77A63FB542}"
EndProject
Project("{FAE04EC0-301F-11D3-BF4B-00C04F79EFBC}") = "CourierJob.Infrastructure", "src\Modules\CourierJob\CourierJob.Infrastructure\CourierJob.Infrastructure.csproj", "{DA69C8CA-072B-6010-D7E9-0DE367CED630}"
EndProject
Project("{FAE04EC0-301F-11D3-BF4B-00C04F79EFBC}") = "CourierJob.Application", "src\Modules\CourierJob\CourierJob.Application\CourierJob.Application.csproj", "{7189A364-2170-891E-2513-5B4A4B1F20D8}"
EndProject
Project("{FAE04EC0-301F-11D3-BF4B-00C04F79EFBC}") = "Couriers.Application", "src\Modules\Couriers\Couriers.Application\Couriers.Application.csproj", "{73FE3E11-1DCE-13AA-5380-31A00928BFA3}"
EndProject
Project("{FAE04EC0-301F-11D3-BF4B-00C04F79EFBC}") = "ResultCouriers.Application", "src\Modules\ResultCurriers\ResultCouriers.Application\ResultCouriers.Application.csproj", "{B4E66084-5BBA-EA16-4626-8E16483D0FD0}"
EndProject
Project("{FAE04EC0-301F-11D3-BF4B-00C04F79EFBC}") = "ResultCouriers.Domain", "src\Modules\ResultCurriers\ResultCouriers.Domain\ResultCouriers.Domain.csproj", "{23A04699-0380-C3EE-2296-ED44D4FDAD3A}"
EndProject
Project("{FAE04EC0-301F-11D3-BF4B-00C04F79EFBC}") = "ResultCouriers.Infrastructure", "src\Modules\ResultCurriers\ResultCouriers.Infrastructure\ResultCouriers.Infrastructure.csproj", "{14D52C90-522F-7634-56A9-EB29320387E9}"
EndProject
Global
	GlobalSection(SolutionConfigurationPlatforms) = preSolution
		Debug|Any CPU = Debug|Any CPU
		Debug|x64 = Debug|x64
		Debug|x86 = Debug|x86
		Release|Any CPU = Release|Any CPU
		Release|x64 = Release|x64
		Release|x86 = Release|x86
	EndGlobalSection
	GlobalSection(ProjectConfigurationPlatforms) = postSolution
		{D1B279C2-D1CE-454F-BB0A-B79C65D344E4}.Debug|Any CPU.ActiveCfg = Debug|Any CPU
		{D1B279C2-D1CE-454F-BB0A-B79C65D344E4}.Debug|Any CPU.Build.0 = Debug|Any CPU
		{D1B279C2-D1CE-454F-BB0A-B79C65D344E4}.Debug|x64.ActiveCfg = Debug|Any CPU
		{D1B279C2-D1CE-454F-BB0A-B79C65D344E4}.Debug|x64.Build.0 = Debug|Any CPU
		{D1B279C2-D1CE-454F-BB0A-B79C65D344E4}.Debug|x86.ActiveCfg = Debug|Any CPU
		{D1B279C2-D1CE-454F-BB0A-B79C65D344E4}.Debug|x86.Build.0 = Debug|Any CPU
		{D1B279C2-D1CE-454F-BB0A-B79C65D344E4}.Release|Any CPU.ActiveCfg = Release|Any CPU
		{D1B279C2-D1CE-454F-BB0A-B79C65D344E4}.Release|Any CPU.Build.0 = Release|Any CPU
		{D1B279C2-D1CE-454F-BB0A-B79C65D344E4}.Release|x64.ActiveCfg = Release|Any CPU
		{D1B279C2-D1CE-454F-BB0A-B79C65D344E4}.Release|x64.Build.0 = Release|Any CPU
		{D1B279C2-D1CE-454F-BB0A-B79C65D344E4}.Release|x86.ActiveCfg = Release|Any CPU
		{D1B279C2-D1CE-454F-BB0A-B79C65D344E4}.Release|x86.Build.0 = Release|Any CPU
		{072473E1-4AC9-4F89-A445-92177FADDD81}.Debug|Any CPU.ActiveCfg = Debug|Any CPU
		{072473E1-4AC9-4F89-A445-92177FADDD81}.Debug|Any CPU.Build.0 = Debug|Any CPU
		{072473E1-4AC9-4F89-A445-92177FADDD81}.Debug|x64.ActiveCfg = Debug|Any CPU
		{072473E1-4AC9-4F89-A445-92177FADDD81}.Debug|x64.Build.0 = Debug|Any CPU
		{072473E1-4AC9-4F89-A445-92177FADDD81}.Debug|x86.ActiveCfg = Debug|Any CPU
		{072473E1-4AC9-4F89-A445-92177FADDD81}.Debug|x86.Build.0 = Debug|Any CPU
		{072473E1-4AC9-4F89-A445-92177FADDD81}.Release|Any CPU.ActiveCfg = Release|Any CPU
		{072473E1-4AC9-4F89-A445-92177FADDD81}.Release|Any CPU.Build.0 = Release|Any CPU
		{072473E1-4AC9-4F89-A445-92177FADDD81}.Release|x64.ActiveCfg = Release|Any CPU
		{072473E1-4AC9-4F89-A445-92177FADDD81}.Release|x64.Build.0 = Release|Any CPU
		{072473E1-4AC9-4F89-A445-92177FADDD81}.Release|x86.ActiveCfg = Release|Any CPU
		{072473E1-4AC9-4F89-A445-92177FADDD81}.Release|x86.Build.0 = Release|Any CPU
		{CA805B52-173D-45F5-878D-AACBEB29A244}.Debug|Any CPU.ActiveCfg = Debug|Any CPU
		{CA805B52-173D-45F5-878D-AACBEB29A244}.Debug|Any CPU.Build.0 = Debug|Any CPU
		{CA805B52-173D-45F5-878D-AACBEB29A244}.Debug|x64.ActiveCfg = Debug|Any CPU
		{CA805B52-173D-45F5-878D-AACBEB29A244}.Debug|x64.Build.0 = Debug|Any CPU
		{CA805B52-173D-45F5-878D-AACBEB29A244}.Debug|x86.ActiveCfg = Debug|Any CPU
		{CA805B52-173D-45F5-878D-AACBEB29A244}.Debug|x86.Build.0 = Debug|Any CPU
		{CA805B52-173D-45F5-878D-AACBEB29A244}.Release|Any CPU.ActiveCfg = Release|Any CPU
		{CA805B52-173D-45F5-878D-AACBEB29A244}.Release|Any CPU.Build.0 = Release|Any CPU
		{CA805B52-173D-45F5-878D-AACBEB29A244}.Release|x64.ActiveCfg = Release|Any CPU
		{CA805B52-173D-45F5-878D-AACBEB29A244}.Release|x64.Build.0 = Release|Any CPU
		{CA805B52-173D-45F5-878D-AACBEB29A244}.Release|x86.ActiveCfg = Release|Any CPU
		{CA805B52-173D-45F5-878D-AACBEB29A244}.Release|x86.Build.0 = Release|Any CPU
		{ADF25378-638B-4020-A0AE-B35EE9C69AF4}.Debug|Any CPU.ActiveCfg = Debug|Any CPU
		{ADF25378-638B-4020-A0AE-B35EE9C69AF4}.Debug|Any CPU.Build.0 = Debug|Any CPU
		{ADF25378-638B-4020-A0AE-B35EE9C69AF4}.Debug|x64.ActiveCfg = Debug|Any CPU
		{ADF25378-638B-4020-A0AE-B35EE9C69AF4}.Debug|x64.Build.0 = Debug|Any CPU
		{ADF25378-638B-4020-A0AE-B35EE9C69AF4}.Debug|x86.ActiveCfg = Debug|Any CPU
		{ADF25378-638B-4020-A0AE-B35EE9C69AF4}.Debug|x86.Build.0 = Debug|Any CPU
		{ADF25378-638B-4020-A0AE-B35EE9C69AF4}.Release|Any CPU.ActiveCfg = Release|Any CPU
		{ADF25378-638B-4020-A0AE-B35EE9C69AF4}.Release|Any CPU.Build.0 = Release|Any CPU
		{ADF25378-638B-4020-A0AE-B35EE9C69AF4}.Release|x64.ActiveCfg = Release|Any CPU
		{ADF25378-638B-4020-A0AE-B35EE9C69AF4}.Release|x64.Build.0 = Release|Any CPU
		{ADF25378-638B-4020-A0AE-B35EE9C69AF4}.Release|x86.ActiveCfg = Release|Any CPU
		{ADF25378-638B-4020-A0AE-B35EE9C69AF4}.Release|x86.Build.0 = Release|Any CPU
		{6AA33EAF-8AA7-4F71-8515-AB3C6446E10D}.Debug|Any CPU.ActiveCfg = Debug|Any CPU
		{6AA33EAF-8AA7-4F71-8515-AB3C6446E10D}.Debug|Any CPU.Build.0 = Debug|Any CPU
		{6AA33EAF-8AA7-4F71-8515-AB3C6446E10D}.Debug|x64.ActiveCfg = Debug|Any CPU
		{6AA33EAF-8AA7-4F71-8515-AB3C6446E10D}.Debug|x64.Build.0 = Debug|Any CPU
		{6AA33EAF-8AA7-4F71-8515-AB3C6446E10D}.Debug|x86.ActiveCfg = Debug|Any CPU
		{6AA33EAF-8AA7-4F71-8515-AB3C6446E10D}.Debug|x86.Build.0 = Debug|Any CPU
		{6AA33EAF-8AA7-4F71-8515-AB3C6446E10D}.Release|Any CPU.ActiveCfg = Release|Any CPU
		{6AA33EAF-8AA7-4F71-8515-AB3C6446E10D}.Release|Any CPU.Build.0 = Release|Any CPU
		{6AA33EAF-8AA7-4F71-8515-AB3C6446E10D}.Release|x64.ActiveCfg = Release|Any CPU
		{6AA33EAF-8AA7-4F71-8515-AB3C6446E10D}.Release|x64.Build.0 = Release|Any CPU
		{6AA33EAF-8AA7-4F71-8515-AB3C6446E10D}.Release|x86.ActiveCfg = Release|Any CPU
		{6AA33EAF-8AA7-4F71-8515-AB3C6446E10D}.Release|x86.Build.0 = Release|Any CPU
		{0EFB9465-F9E1-43C8-B28E-EB01D0ADA8AD}.Debug|Any CPU.ActiveCfg = Debug|Any CPU
		{0EFB9465-F9E1-43C8-B28E-EB01D0ADA8AD}.Debug|Any CPU.Build.0 = Debug|Any CPU
		{0EFB9465-F9E1-43C8-B28E-EB01D0ADA8AD}.Debug|x64.ActiveCfg = Debug|Any CPU
		{0EFB9465-F9E1-43C8-B28E-EB01D0ADA8AD}.Debug|x64.Build.0 = Debug|Any CPU
		{0EFB9465-F9E1-43C8-B28E-EB01D0ADA8AD}.Debug|x86.ActiveCfg = Debug|Any CPU
		{0EFB9465-F9E1-43C8-B28E-EB01D0ADA8AD}.Debug|x86.Build.0 = Debug|Any CPU
		{0EFB9465-F9E1-43C8-B28E-EB01D0ADA8AD}.Release|Any CPU.ActiveCfg = Release|Any CPU
		{0EFB9465-F9E1-43C8-B28E-EB01D0ADA8AD}.Release|Any CPU.Build.0 = Release|Any CPU
		{0EFB9465-F9E1-43C8-B28E-EB01D0ADA8AD}.Release|x64.ActiveCfg = Release|Any CPU
		{0EFB9465-F9E1-43C8-B28E-EB01D0ADA8AD}.Release|x64.Build.0 = Release|Any CPU
		{0EFB9465-F9E1-43C8-B28E-EB01D0ADA8AD}.Release|x86.ActiveCfg = Release|Any CPU
		{0EFB9465-F9E1-43C8-B28E-EB01D0ADA8AD}.Release|x86.Build.0 = Release|Any CPU
		{AFF26EC9-717D-4EC0-8A31-B2C7C3B0716E}.Debug|Any CPU.ActiveCfg = Debug|Any CPU
		{AFF26EC9-717D-4EC0-8A31-B2C7C3B0716E}.Debug|Any CPU.Build.0 = Debug|Any CPU
		{AFF26EC9-717D-4EC0-8A31-B2C7C3B0716E}.Debug|x64.ActiveCfg = Debug|Any CPU
		{AFF26EC9-717D-4EC0-8A31-B2C7C3B0716E}.Debug|x64.Build.0 = Debug|Any CPU
		{AFF26EC9-717D-4EC0-8A31-B2C7C3B0716E}.Debug|x86.ActiveCfg = Debug|Any CPU
		{AFF26EC9-717D-4EC0-8A31-B2C7C3B0716E}.Debug|x86.Build.0 = Debug|Any CPU
		{AFF26EC9-717D-4EC0-8A31-B2C7C3B0716E}.Release|Any CPU.ActiveCfg = Release|Any CPU
		{AFF26EC9-717D-4EC0-8A31-B2C7C3B0716E}.Release|Any CPU.Build.0 = Release|Any CPU
		{AFF26EC9-717D-4EC0-8A31-B2C7C3B0716E}.Release|x64.ActiveCfg = Release|Any CPU
		{AFF26EC9-717D-4EC0-8A31-B2C7C3B0716E}.Release|x64.Build.0 = Release|Any CPU
		{AFF26EC9-717D-4EC0-8A31-B2C7C3B0716E}.Release|x86.ActiveCfg = Release|Any CPU
		{AFF26EC9-717D-4EC0-8A31-B2C7C3B0716E}.Release|x86.Build.0 = Release|Any CPU
		{0AC14927-8062-4534-9526-67738C797C38}.Debug|Any CPU.ActiveCfg = Debug|Any CPU
		{0AC14927-8062-4534-9526-67738C797C38}.Debug|Any CPU.Build.0 = Debug|Any CPU
		{0AC14927-8062-4534-9526-67738C797C38}.Debug|x64.ActiveCfg = Debug|Any CPU
		{0AC14927-8062-4534-9526-67738C797C38}.Debug|x64.Build.0 = Debug|Any CPU
		{0AC14927-8062-4534-9526-67738C797C38}.Debug|x86.ActiveCfg = Debug|Any CPU
		{0AC14927-8062-4534-9526-67738C797C38}.Debug|x86.Build.0 = Debug|Any CPU
		{0AC14927-8062-4534-9526-67738C797C38}.Release|Any CPU.ActiveCfg = Release|Any CPU
		{0AC14927-8062-4534-9526-67738C797C38}.Release|Any CPU.Build.0 = Release|Any CPU
		{DC297C3D-9416-45AD-8F1A-4EA45F7B9551}.Debug|Any CPU.ActiveCfg = Debug|Any CPU
		{DC297C3D-9416-45AD-8F1A-4EA45F7B9551}.Debug|Any CPU.Build.0 = Debug|Any CPU
		{DC297C3D-9416-45AD-8F1A-4EA45F7B9551}.Release|Any CPU.ActiveCfg = Release|Any CPU
		{DC297C3D-9416-45AD-8F1A-4EA45F7B9551}.Release|Any CPU.Build.0 = Release|Any CPU
		{67C9AE01-F8FD-456D-AAB1-289B273061BE}.Debug|Any CPU.ActiveCfg = Debug|Any CPU
		{67C9AE01-F8FD-456D-AAB1-289B273061BE}.Debug|Any CPU.Build.0 = Debug|Any CPU
		{67C9AE01-F8FD-456D-AAB1-289B273061BE}.Release|Any CPU.ActiveCfg = Release|Any CPU
		{67C9AE01-F8FD-456D-AAB1-289B273061BE}.Release|Any CPU.Build.0 = Release|Any CPU
		{DEAAE6ED-DD41-4364-8988-A878AF105EE7}.Debug|Any CPU.ActiveCfg = Debug|Any CPU
		{DEAAE6ED-DD41-4364-8988-A878AF105EE7}.Debug|Any CPU.Build.0 = Debug|Any CPU
		{DEAAE6ED-DD41-4364-8988-A878AF105EE7}.Release|Any CPU.ActiveCfg = Release|Any CPU
		{DEAAE6ED-DD41-4364-8988-A878AF105EE7}.Release|Any CPU.Build.0 = Release|Any CPU
		{EDCBD97E-68B0-4C9D-97CC-101EB682528C}.Debug|Any CPU.ActiveCfg = Debug|Any CPU
		{EDCBD97E-68B0-4C9D-97CC-101EB682528C}.Debug|Any CPU.Build.0 = Debug|Any CPU
		{EDCBD97E-68B0-4C9D-97CC-101EB682528C}.Release|Any CPU.ActiveCfg = Release|Any CPU
		{EDCBD97E-68B0-4C9D-97CC-101EB682528C}.Release|Any CPU.Build.0 = Release|Any CPU
		{342D79C4-4450-4107-9408-E3E0B7B58B37}.Debug|Any CPU.ActiveCfg = Debug|Any CPU
		{342D79C4-4450-4107-9408-E3E0B7B58B37}.Debug|Any CPU.Build.0 = Debug|Any CPU
		{342D79C4-4450-4107-9408-E3E0B7B58B37}.Release|Any CPU.ActiveCfg = Release|Any CPU
		{342D79C4-4450-4107-9408-E3E0B7B58B37}.Release|Any CPU.Build.0 = Release|Any CPU
		{E14E2F6C-8BE7-45F3-B6E2-A7821463DA91}.Debug|Any CPU.ActiveCfg = Debug|Any CPU
		{E14E2F6C-8BE7-45F3-B6E2-A7821463DA91}.Debug|Any CPU.Build.0 = Debug|Any CPU
		{E14E2F6C-8BE7-45F3-B6E2-A7821463DA91}.Release|Any CPU.ActiveCfg = Release|Any CPU
		{E14E2F6C-8BE7-45F3-B6E2-A7821463DA91}.Release|Any CPU.Build.0 = Release|Any CPU
		{0AC14927-8062-4534-9526-67738C797C38}.Release|x64.ActiveCfg = Release|Any CPU
		{0AC14927-8062-4534-9526-67738C797C38}.Release|x64.Build.0 = Release|Any CPU
		{0AC14927-8062-4534-9526-67738C797C38}.Release|x86.ActiveCfg = Release|Any CPU
		{0AC14927-8062-4534-9526-67738C797C38}.Release|x86.Build.0 = Release|Any CPU
		{BE1BBC05-2448-C08C-2F12-402165F807B8}.Debug|Any CPU.ActiveCfg = Debug|Any CPU
		{BE1BBC05-2448-C08C-2F12-402165F807B8}.Debug|Any CPU.Build.0 = Debug|Any CPU
		{BE1BBC05-2448-C08C-2F12-402165F807B8}.Debug|x64.ActiveCfg = Debug|Any CPU
		{BE1BBC05-2448-C08C-2F12-402165F807B8}.Debug|x64.Build.0 = Debug|Any CPU
		{BE1BBC05-2448-C08C-2F12-402165F807B8}.Debug|x86.ActiveCfg = Debug|Any CPU
		{BE1BBC05-2448-C08C-2F12-402165F807B8}.Debug|x86.Build.0 = Debug|Any CPU
		{BE1BBC05-2448-C08C-2F12-402165F807B8}.Release|Any CPU.ActiveCfg = Release|Any CPU
		{BE1BBC05-2448-C08C-2F12-402165F807B8}.Release|Any CPU.Build.0 = Release|Any CPU
		{BE1BBC05-2448-C08C-2F12-402165F807B8}.Release|x64.ActiveCfg = Release|Any CPU
		{BE1BBC05-2448-C08C-2F12-402165F807B8}.Release|x64.Build.0 = Release|Any CPU
		{BE1BBC05-2448-C08C-2F12-402165F807B8}.Release|x86.ActiveCfg = Release|Any CPU
		{BE1BBC05-2448-C08C-2F12-402165F807B8}.Release|x86.Build.0 = Release|Any CPU
		{07E85DE9-8E62-59DC-277C-4B14F9C55800}.Debug|Any CPU.ActiveCfg = Debug|Any CPU
		{07E85DE9-8E62-59DC-277C-4B14F9C55800}.Debug|Any CPU.Build.0 = Debug|Any CPU
		{07E85DE9-8E62-59DC-277C-4B14F9C55800}.Debug|x64.ActiveCfg = Debug|Any CPU
		{07E85DE9-8E62-59DC-277C-4B14F9C55800}.Debug|x64.Build.0 = Debug|Any CPU
		{07E85DE9-8E62-59DC-277C-4B14F9C55800}.Debug|x86.ActiveCfg = Debug|Any CPU
		{07E85DE9-8E62-59DC-277C-4B14F9C55800}.Debug|x86.Build.0 = Debug|Any CPU
		{07E85DE9-8E62-59DC-277C-4B14F9C55800}.Release|Any CPU.ActiveCfg = Release|Any CPU
		{07E85DE9-8E62-59DC-277C-4B14F9C55800}.Release|Any CPU.Build.0 = Release|Any CPU
		{07E85DE9-8E62-59DC-277C-4B14F9C55800}.Release|x64.ActiveCfg = Release|Any CPU
		{07E85DE9-8E62-59DC-277C-4B14F9C55800}.Release|x64.Build.0 = Release|Any CPU
		{07E85DE9-8E62-59DC-277C-4B14F9C55800}.Release|x86.ActiveCfg = Release|Any CPU
		{07E85DE9-8E62-59DC-277C-4B14F9C55800}.Release|x86.Build.0 = Release|Any CPU
		{5CB05474-C2F9-8D91-2106-6F5EBF35C26A}.Debug|Any CPU.ActiveCfg = Debug|Any CPU
		{5CB05474-C2F9-8D91-2106-6F5EBF35C26A}.Debug|Any CPU.Build.0 = Debug|Any CPU
		{5CB05474-C2F9-8D91-2106-6F5EBF35C26A}.Debug|x64.ActiveCfg = Debug|Any CPU
		{5CB05474-C2F9-8D91-2106-6F5EBF35C26A}.Debug|x64.Build.0 = Debug|Any CPU
		{5CB05474-C2F9-8D91-2106-6F5EBF35C26A}.Debug|x86.ActiveCfg = Debug|Any CPU
		{5CB05474-C2F9-8D91-2106-6F5EBF35C26A}.Debug|x86.Build.0 = Debug|Any CPU
		{5CB05474-C2F9-8D91-2106-6F5EBF35C26A}.Release|Any CPU.ActiveCfg = Release|Any CPU
		{5CB05474-C2F9-8D91-2106-6F5EBF35C26A}.Release|Any CPU.Build.0 = Release|Any CPU
		{5CB05474-C2F9-8D91-2106-6F5EBF35C26A}.Release|x64.ActiveCfg = Release|Any CPU
		{5CB05474-C2F9-8D91-2106-6F5EBF35C26A}.Release|x64.Build.0 = Release|Any CPU
		{5CB05474-C2F9-8D91-2106-6F5EBF35C26A}.Release|x86.ActiveCfg = Release|Any CPU
		{5CB05474-C2F9-8D91-2106-6F5EBF35C26A}.Release|x86.Build.0 = Release|Any CPU
		{C44CEE91-BE49-FE76-28A6-60B64D2F95FD}.Debug|Any CPU.ActiveCfg = Debug|Any CPU
		{C44CEE91-BE49-FE76-28A6-60B64D2F95FD}.Debug|Any CPU.Build.0 = Debug|Any CPU
		{C44CEE91-BE49-FE76-28A6-60B64D2F95FD}.Debug|x64.ActiveCfg = Debug|Any CPU
		{C44CEE91-BE49-FE76-28A6-60B64D2F95FD}.Debug|x64.Build.0 = Debug|Any CPU
		{C44CEE91-BE49-FE76-28A6-60B64D2F95FD}.Debug|x86.ActiveCfg = Debug|Any CPU
		{C44CEE91-BE49-FE76-28A6-60B64D2F95FD}.Debug|x86.Build.0 = Debug|Any CPU
		{C44CEE91-BE49-FE76-28A6-60B64D2F95FD}.Release|Any CPU.ActiveCfg = Release|Any CPU
		{C44CEE91-BE49-FE76-28A6-60B64D2F95FD}.Release|Any CPU.Build.0 = Release|Any CPU
		{C44CEE91-BE49-FE76-28A6-60B64D2F95FD}.Release|x64.ActiveCfg = Release|Any CPU
		{C44CEE91-BE49-FE76-28A6-60B64D2F95FD}.Release|x64.Build.0 = Release|Any CPU
		{C44CEE91-BE49-FE76-28A6-60B64D2F95FD}.Release|x86.ActiveCfg = Release|Any CPU
		{C44CEE91-BE49-FE76-28A6-60B64D2F95FD}.Release|x86.Build.0 = Release|Any CPU
		{AACAE0D6-45D1-ABB6-30A4-61E6F3F9F954}.Debug|Any CPU.ActiveCfg = Debug|Any CPU
		{AACAE0D6-45D1-ABB6-30A4-61E6F3F9F954}.Debug|Any CPU.Build.0 = Debug|Any CPU
		{AACAE0D6-45D1-ABB6-30A4-61E6F3F9F954}.Debug|x64.ActiveCfg = Debug|Any CPU
		{AACAE0D6-45D1-ABB6-30A4-61E6F3F9F954}.Debug|x64.Build.0 = Debug|Any CPU
		{AACAE0D6-45D1-ABB6-30A4-61E6F3F9F954}.Debug|x86.ActiveCfg = Debug|Any CPU
		{AACAE0D6-45D1-ABB6-30A4-61E6F3F9F954}.Debug|x86.Build.0 = Debug|Any CPU
		{AACAE0D6-45D1-ABB6-30A4-61E6F3F9F954}.Release|Any CPU.ActiveCfg = Release|Any CPU
		{AACAE0D6-45D1-ABB6-30A4-61E6F3F9F954}.Release|Any CPU.Build.0 = Release|Any CPU
		{AACAE0D6-45D1-ABB6-30A4-61E6F3F9F954}.Release|x64.ActiveCfg = Release|Any CPU
		{AACAE0D6-45D1-ABB6-30A4-61E6F3F9F954}.Release|x64.Build.0 = Release|Any CPU
		{AACAE0D6-45D1-ABB6-30A4-61E6F3F9F954}.Release|x86.ActiveCfg = Release|Any CPU
		{AACAE0D6-45D1-ABB6-30A4-61E6F3F9F954}.Release|x86.Build.0 = Release|Any CPU
		{98B4D460-E36E-8891-3AE5-94448D1FE19D}.Debug|Any CPU.ActiveCfg = Debug|Any CPU
		{98B4D460-E36E-8891-3AE5-94448D1FE19D}.Debug|Any CPU.Build.0 = Debug|Any CPU
		{98B4D460-E36E-8891-3AE5-94448D1FE19D}.Debug|x64.ActiveCfg = Debug|Any CPU
		{98B4D460-E36E-8891-3AE5-94448D1FE19D}.Debug|x64.Build.0 = Debug|Any CPU
		{98B4D460-E36E-8891-3AE5-94448D1FE19D}.Debug|x86.ActiveCfg = Debug|Any CPU
		{98B4D460-E36E-8891-3AE5-94448D1FE19D}.Debug|x86.Build.0 = Debug|Any CPU
		{98B4D460-E36E-8891-3AE5-94448D1FE19D}.Release|Any CPU.ActiveCfg = Release|Any CPU
		{98B4D460-E36E-8891-3AE5-94448D1FE19D}.Release|Any CPU.Build.0 = Release|Any CPU
		{98B4D460-E36E-8891-3AE5-94448D1FE19D}.Release|x64.ActiveCfg = Release|Any CPU
		{98B4D460-E36E-8891-3AE5-94448D1FE19D}.Release|x64.Build.0 = Release|Any CPU
		{98B4D460-E36E-8891-3AE5-94448D1FE19D}.Release|x86.ActiveCfg = Release|Any CPU
		{98B4D460-E36E-8891-3AE5-94448D1FE19D}.Release|x86.Build.0 = Release|Any CPU
		{4D268544-BB1B-0B4A-52A0-CFD79E5416E2}.Debug|Any CPU.ActiveCfg = Debug|Any CPU
		{4D268544-BB1B-0B4A-52A0-CFD79E5416E2}.Debug|Any CPU.Build.0 = Debug|Any CPU
		{4D268544-BB1B-0B4A-52A0-CFD79E5416E2}.Debug|x64.ActiveCfg = Debug|Any CPU
		{4D268544-BB1B-0B4A-52A0-CFD79E5416E2}.Debug|x64.Build.0 = Debug|Any CPU
		{4D268544-BB1B-0B4A-52A0-CFD79E5416E2}.Debug|x86.ActiveCfg = Debug|Any CPU
		{4D268544-BB1B-0B4A-52A0-CFD79E5416E2}.Debug|x86.Build.0 = Debug|Any CPU
		{4D268544-BB1B-0B4A-52A0-CFD79E5416E2}.Release|Any CPU.ActiveCfg = Release|Any CPU
		{4D268544-BB1B-0B4A-52A0-CFD79E5416E2}.Release|Any CPU.Build.0 = Release|Any CPU
		{4D268544-BB1B-0B4A-52A0-CFD79E5416E2}.Release|x64.ActiveCfg = Release|Any CPU
		{4D268544-BB1B-0B4A-52A0-CFD79E5416E2}.Release|x64.Build.0 = Release|Any CPU
		{4D268544-BB1B-0B4A-52A0-CFD79E5416E2}.Release|x86.ActiveCfg = Release|Any CPU
		{4D268544-BB1B-0B4A-52A0-CFD79E5416E2}.Release|x86.Build.0 = Release|Any CPU
		{934B4FB8-3BAA-D769-72B5-B329B7D615EF}.Debug|Any CPU.ActiveCfg = Debug|Any CPU
		{934B4FB8-3BAA-D769-72B5-B329B7D615EF}.Debug|Any CPU.Build.0 = Debug|Any CPU
		{934B4FB8-3BAA-D769-72B5-B329B7D615EF}.Debug|x64.ActiveCfg = Debug|Any CPU
		{934B4FB8-3BAA-D769-72B5-B329B7D615EF}.Debug|x64.Build.0 = Debug|Any CPU
		{934B4FB8-3BAA-D769-72B5-B329B7D615EF}.Debug|x86.ActiveCfg = Debug|Any CPU
		{934B4FB8-3BAA-D769-72B5-B329B7D615EF}.Debug|x86.Build.0 = Debug|Any CPU
		{934B4FB8-3BAA-D769-72B5-B329B7D615EF}.Release|Any CPU.ActiveCfg = Release|Any CPU
		{934B4FB8-3BAA-D769-72B5-B329B7D615EF}.Release|Any CPU.Build.0 = Release|Any CPU
		{934B4FB8-3BAA-D769-72B5-B329B7D615EF}.Release|x64.ActiveCfg = Release|Any CPU
		{934B4FB8-3BAA-D769-72B5-B329B7D615EF}.Release|x64.Build.0 = Release|Any CPU
		{934B4FB8-3BAA-D769-72B5-B329B7D615EF}.Release|x86.ActiveCfg = Release|Any CPU
		{934B4FB8-3BAA-D769-72B5-B329B7D615EF}.Release|x86.Build.0 = Release|Any CPU
		{247A8D6E-DECC-7A1F-BADD-AD77A63FB542}.Debug|Any CPU.ActiveCfg = Debug|Any CPU
		{247A8D6E-DECC-7A1F-BADD-AD77A63FB542}.Debug|Any CPU.Build.0 = Debug|Any CPU
		{247A8D6E-DECC-7A1F-BADD-AD77A63FB542}.Debug|x64.ActiveCfg = Debug|Any CPU
		{247A8D6E-DECC-7A1F-BADD-AD77A63FB542}.Debug|x64.Build.0 = Debug|Any CPU
		{247A8D6E-DECC-7A1F-BADD-AD77A63FB542}.Debug|x86.ActiveCfg = Debug|Any CPU
		{247A8D6E-DECC-7A1F-BADD-AD77A63FB542}.Debug|x86.Build.0 = Debug|Any CPU
		{247A8D6E-DECC-7A1F-BADD-AD77A63FB542}.Release|Any CPU.ActiveCfg = Release|Any CPU
		{247A8D6E-DECC-7A1F-BADD-AD77A63FB542}.Release|Any CPU.Build.0 = Release|Any CPU
		{247A8D6E-DECC-7A1F-BADD-AD77A63FB542}.Release|x64.ActiveCfg = Release|Any CPU
		{247A8D6E-DECC-7A1F-BADD-AD77A63FB542}.Release|x64.Build.0 = Release|Any CPU
		{247A8D6E-DECC-7A1F-BADD-AD77A63FB542}.Release|x86.ActiveCfg = Release|Any CPU
		{247A8D6E-DECC-7A1F-BADD-AD77A63FB542}.Release|x86.Build.0 = Release|Any CPU
		{DA69C8CA-072B-6010-D7E9-0DE367CED630}.Debug|Any CPU.ActiveCfg = Debug|Any CPU
		{DA69C8CA-072B-6010-D7E9-0DE367CED630}.Debug|Any CPU.Build.0 = Debug|Any CPU
		{DA69C8CA-072B-6010-D7E9-0DE367CED630}.Debug|x64.ActiveCfg = Debug|Any CPU
		{DA69C8CA-072B-6010-D7E9-0DE367CED630}.Debug|x64.Build.0 = Debug|Any CPU
		{DA69C8CA-072B-6010-D7E9-0DE367CED630}.Debug|x86.ActiveCfg = Debug|Any CPU
		{DA69C8CA-072B-6010-D7E9-0DE367CED630}.Debug|x86.Build.0 = Debug|Any CPU
		{DA69C8CA-072B-6010-D7E9-0DE367CED630}.Release|Any CPU.ActiveCfg = Release|Any CPU
		{DA69C8CA-072B-6010-D7E9-0DE367CED630}.Release|Any CPU.Build.0 = Release|Any CPU
		{DA69C8CA-072B-6010-D7E9-0DE367CED630}.Release|x64.ActiveCfg = Release|Any CPU
		{DA69C8CA-072B-6010-D7E9-0DE367CED630}.Release|x64.Build.0 = Release|Any CPU
		{DA69C8CA-072B-6010-D7E9-0DE367CED630}.Release|x86.ActiveCfg = Release|Any CPU
		{DA69C8CA-072B-6010-D7E9-0DE367CED630}.Release|x86.Build.0 = Release|Any CPU
		{7189A364-2170-891E-2513-5B4A4B1F20D8}.Debug|Any CPU.ActiveCfg = Debug|Any CPU
		{7189A364-2170-891E-2513-5B4A4B1F20D8}.Debug|Any CPU.Build.0 = Debug|Any CPU
		{7189A364-2170-891E-2513-5B4A4B1F20D8}.Debug|x64.ActiveCfg = Debug|Any CPU
		{7189A364-2170-891E-2513-5B4A4B1F20D8}.Debug|x64.Build.0 = Debug|Any CPU
		{7189A364-2170-891E-2513-5B4A4B1F20D8}.Debug|x86.ActiveCfg = Debug|Any CPU
		{7189A364-2170-891E-2513-5B4A4B1F20D8}.Debug|x86.Build.0 = Debug|Any CPU
		{7189A364-2170-891E-2513-5B4A4B1F20D8}.Release|Any CPU.ActiveCfg = Release|Any CPU
		{7189A364-2170-891E-2513-5B4A4B1F20D8}.Release|Any CPU.Build.0 = Release|Any CPU
		{7189A364-2170-891E-2513-5B4A4B1F20D8}.Release|x64.ActiveCfg = Release|Any CPU
		{7189A364-2170-891E-2513-5B4A4B1F20D8}.Release|x64.Build.0 = Release|Any CPU
		{7189A364-2170-891E-2513-5B4A4B1F20D8}.Release|x86.ActiveCfg = Release|Any CPU
		{7189A364-2170-891E-2513-5B4A4B1F20D8}.Release|x86.Build.0 = Release|Any CPU
		{73FE3E11-1DCE-13AA-5380-31A00928BFA3}.Debug|Any CPU.ActiveCfg = Debug|Any CPU
		{73FE3E11-1DCE-13AA-5380-31A00928BFA3}.Debug|Any CPU.Build.0 = Debug|Any CPU
		{73FE3E11-1DCE-13AA-5380-31A00928BFA3}.Debug|x64.ActiveCfg = Debug|Any CPU
		{73FE3E11-1DCE-13AA-5380-31A00928BFA3}.Debug|x64.Build.0 = Debug|Any CPU
		{73FE3E11-1DCE-13AA-5380-31A00928BFA3}.Debug|x86.ActiveCfg = Debug|Any CPU
		{73FE3E11-1DCE-13AA-5380-31A00928BFA3}.Debug|x86.Build.0 = Debug|Any CPU
		{73FE3E11-1DCE-13AA-5380-31A00928BFA3}.Release|Any CPU.ActiveCfg = Release|Any CPU
		{73FE3E11-1DCE-13AA-5380-31A00928BFA3}.Release|Any CPU.Build.0 = Release|Any CPU
		{73FE3E11-1DCE-13AA-5380-31A00928BFA3}.Release|x64.ActiveCfg = Release|Any CPU
		{73FE3E11-1DCE-13AA-5380-31A00928BFA3}.Release|x64.Build.0 = Release|Any CPU
		{73FE3E11-1DCE-13AA-5380-31A00928BFA3}.Release|x86.ActiveCfg = Release|Any CPU
		{73FE3E11-1DCE-13AA-5380-31A00928BFA3}.Release|x86.Build.0 = Release|Any CPU
		{B4E66084-5BBA-EA16-4626-8E16483D0FD0}.Debug|Any CPU.ActiveCfg = Debug|Any CPU
		{B4E66084-5BBA-EA16-4626-8E16483D0FD0}.Debug|Any CPU.Build.0 = Debug|Any CPU
		{B4E66084-5BBA-EA16-4626-8E16483D0FD0}.Debug|x64.ActiveCfg = Debug|Any CPU
		{B4E66084-5BBA-EA16-4626-8E16483D0FD0}.Debug|x64.Build.0 = Debug|Any CPU
		{B4E66084-5BBA-EA16-4626-8E16483D0FD0}.Debug|x86.ActiveCfg = Debug|Any CPU
		{B4E66084-5BBA-EA16-4626-8E16483D0FD0}.Debug|x86.Build.0 = Debug|Any CPU
		{B4E66084-5BBA-EA16-4626-8E16483D0FD0}.Release|Any CPU.ActiveCfg = Release|Any CPU
		{B4E66084-5BBA-EA16-4626-8E16483D0FD0}.Release|Any CPU.Build.0 = Release|Any CPU
		{B4E66084-5BBA-EA16-4626-8E16483D0FD0}.Release|x64.ActiveCfg = Release|Any CPU
		{B4E66084-5BBA-EA16-4626-8E16483D0FD0}.Release|x64.Build.0 = Release|Any CPU
		{B4E66084-5BBA-EA16-4626-8E16483D0FD0}.Release|x86.ActiveCfg = Release|Any CPU
		{B4E66084-5BBA-EA16-4626-8E16483D0FD0}.Release|x86.Build.0 = Release|Any CPU
		{23A04699-0380-C3EE-2296-ED44D4FDAD3A}.Debug|Any CPU.ActiveCfg = Debug|Any CPU
		{23A04699-0380-C3EE-2296-ED44D4FDAD3A}.Debug|Any CPU.Build.0 = Debug|Any CPU
		{23A04699-0380-C3EE-2296-ED44D4FDAD3A}.Debug|x64.ActiveCfg = Debug|Any CPU
		{23A04699-0380-C3EE-2296-ED44D4FDAD3A}.Debug|x64.Build.0 = Debug|Any CPU
		{23A04699-0380-C3EE-2296-ED44D4FDAD3A}.Debug|x86.ActiveCfg = Debug|Any CPU
		{23A04699-0380-C3EE-2296-ED44D4FDAD3A}.Debug|x86.Build.0 = Debug|Any CPU
		{23A04699-0380-C3EE-2296-ED44D4FDAD3A}.Release|Any CPU.ActiveCfg = Release|Any CPU
		{23A04699-0380-C3EE-2296-ED44D4FDAD3A}.Release|Any CPU.Build.0 = Release|Any CPU
		{23A04699-0380-C3EE-2296-ED44D4FDAD3A}.Release|x64.ActiveCfg = Release|Any CPU
		{23A04699-0380-C3EE-2296-ED44D4FDAD3A}.Release|x64.Build.0 = Release|Any CPU
		{23A04699-0380-C3EE-2296-ED44D4FDAD3A}.Release|x86.ActiveCfg = Release|Any CPU
		{23A04699-0380-C3EE-2296-ED44D4FDAD3A}.Release|x86.Build.0 = Release|Any CPU
		{14D52C90-522F-7634-56A9-EB29320387E9}.Debug|Any CPU.ActiveCfg = Debug|Any CPU
		{14D52C90-522F-7634-56A9-EB29320387E9}.Debug|Any CPU.Build.0 = Debug|Any CPU
		{14D52C90-522F-7634-56A9-EB29320387E9}.Debug|x64.ActiveCfg = Debug|Any CPU
		{14D52C90-522F-7634-56A9-EB29320387E9}.Debug|x64.Build.0 = Debug|Any CPU
		{14D52C90-522F-7634-56A9-EB29320387E9}.Debug|x86.ActiveCfg = Debug|Any CPU
		{14D52C90-522F-7634-56A9-EB29320387E9}.Debug|x86.Build.0 = Debug|Any CPU
		{14D52C90-522F-7634-56A9-EB29320387E9}.Release|Any CPU.ActiveCfg = Release|Any CPU
		{14D52C90-522F-7634-56A9-EB29320387E9}.Release|Any CPU.Build.0 = Release|Any CPU
		{14D52C90-522F-7634-56A9-EB29320387E9}.Release|x64.ActiveCfg = Release|Any CPU
		{14D52C90-522F-7634-56A9-EB29320387E9}.Release|x64.Build.0 = Release|Any CPU
		{14D52C90-522F-7634-56A9-EB29320387E9}.Release|x86.ActiveCfg = Release|Any CPU
		{14D52C90-522F-7634-56A9-EB29320387E9}.Release|x86.Build.0 = Release|Any CPU
	EndGlobalSection
	GlobalSection(SolutionProperties) = preSolution
		HideSolutionNode = FALSE
	EndGlobalSection
	GlobalSection(NestedProjects) = preSolution
		{C4B7041C-C521-4F82-8D56-34282C0D8646} = {02EA681E-C7D8-13C7-8484-4AC65E1B71E8}
		{2A146D7A-0E74-42B3-8AA8-79637241247A} = {C4B7041C-C521-4F82-8D56-34282C0D8646}
		{D1B279C2-D1CE-454F-BB0A-B79C65D344E4} = {2A146D7A-0E74-42B3-8AA8-79637241247A}
		{072473E1-4AC9-4F89-A445-92177FADDD81} = {2A146D7A-0E74-42B3-8AA8-79637241247A}
		{CA805B52-173D-45F5-878D-AACBEB29A244} = {2A146D7A-0E74-42B3-8AA8-79637241247A}
		{00FD547A-BC46-4F3F-97F4-AA3B557EF956} = {02EA681E-C7D8-13C7-8484-4AC65E1B71E8}
		{ADF25378-638B-4020-A0AE-B35EE9C69AF4} = {00FD547A-BC46-4F3F-97F4-AA3B557EF956}
		{AA0B6F39-9B3A-4C79-9FA6-AFE063A551E7} = {02EA681E-C7D8-13C7-8484-4AC65E1B71E8}
		{6AA33EAF-8AA7-4F71-8515-AB3C6446E10D} = {AA0B6F39-9B3A-4C79-9FA6-AFE063A551E7}
		{BDF6B5CE-B33C-400E-9E9A-B31B1C6A3B26} = {C4B7041C-C521-4F82-8D56-34282C0D8646}
		{0EFB9465-F9E1-43C8-B28E-EB01D0ADA8AD} = {BDF6B5CE-B33C-400E-9E9A-B31B1C6A3B26}
		{AFF26EC9-717D-4EC0-8A31-B2C7C3B0716E} = {BDF6B5CE-B33C-400E-9E9A-B31B1C6A3B26}
		{0AC14927-8062-4534-9526-67738C797C38} = {BDF6B5CE-B33C-400E-9E9A-B31B1C6A3B26}
		{9363C864-315E-40CE-BD92-D84FFED91E40} = {C4B7041C-C521-4F82-8D56-34282C0D8646}
		{DC297C3D-9416-45AD-8F1A-4EA45F7B9551} = {9363C864-315E-40CE-BD92-D84FFED91E40}
		{67C9AE01-F8FD-456D-AAB1-289B273061BE} = {9363C864-315E-40CE-BD92-D84FFED91E40}
		{DEAAE6ED-DD41-4364-8988-A878AF105EE7} = {9363C864-315E-40CE-BD92-D84FFED91E40}
		{1F7CBBBA-F49E-49E3-AD4C-5C9C18727AD8} = {C4B7041C-C521-4F82-8D56-34282C0D8646}
		{EDCBD97E-68B0-4C9D-97CC-101EB682528C} = {1F7CBBBA-F49E-49E3-AD4C-5C9C18727AD8}
		{342D79C4-4450-4107-9408-E3E0B7B58B37} = {1F7CBBBA-F49E-49E3-AD4C-5C9C18727AD8}
		{E14E2F6C-8BE7-45F3-B6E2-A7821463DA91} = {1F7CBBBA-F49E-49E3-AD4C-5C9C18727AD8}
		{79B944F6-5DB2-4CDC-A225-8172DA47DEDC} = {C4B7041C-C521-4F82-8D56-34282C0D8646}
		{BE1BBC05-2448-C08C-2F12-402165F807B8} = {79B944F6-5DB2-4CDC-A225-8172DA47DEDC}
		{07E85DE9-8E62-59DC-277C-4B14F9C55800} = {79B944F6-5DB2-4CDC-A225-8172DA47DEDC}
		{5CB05474-C2F9-8D91-2106-6F5EBF35C26A} = {79B944F6-5DB2-4CDC-A225-8172DA47DEDC}
		{1861DF4E-B06B-4FC9-9EF3-931FFD90748B} = {C4B7041C-C521-4F82-8D56-34282C0D8646}
		{C44CEE91-BE49-FE76-28A6-60B64D2F95FD} = {1861DF4E-B06B-4FC9-9EF3-931FFD90748B}
		{AACAE0D6-45D1-ABB6-30A4-61E6F3F9F954} = {1861DF4E-B06B-4FC9-9EF3-931FFD90748B}
		{98B4D460-E36E-8891-3AE5-94448D1FE19D} = {1861DF4E-B06B-4FC9-9EF3-931FFD90748B}
		{0F854B69-D50F-4C48-B648-7C7418DF7532} = {C4B7041C-C521-4F82-8D56-34282C0D8646}
		{404EEBCF-A6D4-4A1F-B308-448546B315F6} = {C4B7041C-C521-4F82-8D56-34282C0D8646}
		{DEDD2C61-FB65-4953-9B8A-FE6CDDA45DE1} = {C4B7041C-C521-4F82-8D56-34282C0D8646}
		{4D268544-BB1B-0B4A-52A0-CFD79E5416E2} = {DEDD2C61-FB65-4953-9B8A-FE6CDDA45DE1}
		{934B4FB8-3BAA-D769-72B5-B329B7D615EF} = {DEDD2C61-FB65-4953-9B8A-FE6CDDA45DE1}
		{247A8D6E-DECC-7A1F-BADD-AD77A63FB542} = {0F854B69-D50F-4C48-B648-7C7418DF7532}
		{DA69C8CA-072B-6010-D7E9-0DE367CED630} = {0F854B69-D50F-4C48-B648-7C7418DF7532}
		{7189A364-2170-891E-2513-5B4A4B1F20D8} = {0F854B69-D50F-4C48-B648-7C7418DF7532}
		{73FE3E11-1DCE-13AA-5380-31A00928BFA3} = {DEDD2C61-FB65-4953-9B8A-FE6CDDA45DE1}
		{B4E66084-5BBA-EA16-4626-8E16483D0FD0} = {404EEBCF-A6D4-4A1F-B308-448546B315F6}
		{23A04699-0380-C3EE-2296-ED44D4FDAD3A} = {404EEBCF-A6D4-4A1F-B308-448546B315F6}
		{14D52C90-522F-7634-56A9-EB29320387E9} = {404EEBCF-A6D4-4A1F-B308-448546B315F6}
	EndGlobalSection
	GlobalSection(ExtensibilityGlobals) = postSolution
		SolutionGuid = {9AE1374A-0C9D-45ED-8ED8-891D2FA3B918}
	EndGlobalSection
EndGlobal
