
Microsoft Visual Studio Solution File, Format Version 12.00
# Visual Studio Version 17
VisualStudioVersion = 17.13.35931.197
MinimumVisualStudioVersion = 10.0.40219.1
Project("{2150E333-8FDC-42A3-9474-1A3956D46DE8}") = "src", "src", "{02EA681E-C7D8-13C7-8484-4AC65E1B71E8}"
EndProject
Project("{2150E333-8FDC-42A3-9474-1A3956D46DE8}") = "Modules", "Modules", "{C4B7041C-C521-4F82-8D56-34282C0D8646}"
EndProject
Project("{2150E333-8FDC-42A3-9474-1A3956D46DE8}") = "Identity", "Identity", "{2A146D7A-0E74-42B3-8AA8-79637241247A}"
EndProject
Project("{FAE04EC0-301F-11D3-BF4B-00C04F79EFBC}") = "Identity.Domain", "src\Modules\Identity\Identity.Domain\Identity.Domain.csproj", "{D1B279C2-D1CE-454F-BB0A-B79C65D344E4}"
EndProject
Project("{FAE04EC0-301F-11D3-BF4B-00C04F79EFBC}") = "Identity.Infrastructure", "src\Modules\Identity\Identity.Infrastructure\Identity.Infrastructure.csproj", "{072473E1-4AC9-4F89-A445-92177FADDD81}"
EndProject
Project("{FAE04EC0-301F-11D3-BF4B-00C04F79EFBC}") = "Identity.Application", "src\Modules\Identity\Identity.Application\Identity.Application.csproj", "{CA805B52-173D-45F5-878D-AACBEB29A244}"
EndProject
Project("{2150E333-8FDC-42A3-9474-1A3956D46DE8}") = "WebApi", "WebApi", "{00FD547A-BC46-4F3F-97F4-AA3B557EF956}"
EndProject
Project("{FAE04EC0-301F-11D3-BF4B-00C04F79EFBC}") = "Identity.Api", "src\WebApi\Identity.Api\Identity.Api.csproj", "{ADF25378-638B-4020-A0AE-B35EE9C69AF4}"
EndProject
Project("{2150E333-8FDC-42A3-9474-1A3956D46DE8}") = "Shared", "Shared", "{AA0B6F39-9B3A-4C79-9FA6-AFE063A551E7}"
EndProject
Project("{FAE04EC0-301F-11D3-BF4B-00C04F79EFBC}") = "SharedKernel", "src\Shared\SharedKernel\SharedKernel.csproj", "{6AA33EAF-8AA7-4F71-8515-AB3C6446E10D}"
EndProject
Project("{2150E333-8FDC-42A3-9474-1A3956D46DE8}") = "Engineering", "Engineering", "{BDF6B5CE-B33C-400E-9E9A-B31B1C6A3B26}"
EndProject
Project("{FAE04EC0-301F-11D3-BF4B-00C04F79EFBC}") = "Engineering.Domain", "src\Modules\Engineering\Engineering.Domain\Engineering.Domain.csproj", "{0EFB9465-F9E1-43C8-B28E-EB01D0ADA8AD}"
EndProject
Project("{FAE04EC0-301F-11D3-BF4B-00C04F79EFBC}") = "Engineering.Application", "src\Modules\Engineering\Engineering.Application\Engineering.Application.csproj", "{AFF26EC9-717D-4EC0-8A31-B2C7C3B0716E}"
EndProject
Project("{FAE04EC0-301F-11D3-BF4B-00C04F79EFBC}") = "Engineering.Infrastructure", "src\Modules\Engineering\Engineering.Infrastructure\Engineering.Infrastructure.csproj", "{0AC14927-8062-4534-9526-67738C797C38}"
EndProject
Project("{2150E333-8FDC-42A3-9474-1A3956D46DE8}") = "SGI", "SGI", "{9363C864-315E-40CE-BD92-D84FFED91E40}"
EndProject
Project("{FAE04EC0-301F-11D3-BF4B-00C04F79EFBC}") = "SGI.Application", "src\Modules\SGI\SGI.Application\SGI.Application.csproj", "{DC297C3D-9416-45AD-8F1A-4EA45F7B9551}"
EndProject
Project("{FAE04EC0-301F-11D3-BF4B-00C04F79EFBC}") = "SGI.Domain", "src\Modules\SGI\SGI.Domain\SGI.Domain.csproj", "{67C9AE01-F8FD-456D-AAB1-289B273061BE}"
EndProject
Project("{FAE04EC0-301F-11D3-BF4B-00C04F79EFBC}") = "SGI.Infrastructure", "src\Modules\SGI\SGI.Infrastructure\SGI.Infrastructure.csproj", "{DEAAE6ED-DD41-4364-8988-A878AF105EE7}"
EndProject
Global
	GlobalSection(SolutionConfigurationPlatforms) = preSolution
		Debug|Any CPU = Debug|Any CPU
		Release|Any CPU = Release|Any CPU
	EndGlobalSection
	GlobalSection(ProjectConfigurationPlatforms) = postSolution
		{D1B279C2-D1CE-454F-BB0A-B79C65D344E4}.Debug|Any CPU.ActiveCfg = Debug|Any CPU
		{D1B279C2-D1CE-454F-BB0A-B79C65D344E4}.Debug|Any CPU.Build.0 = Debug|Any CPU
		{D1B279C2-D1CE-454F-BB0A-B79C65D344E4}.Release|Any CPU.ActiveCfg = Release|Any CPU
		{D1B279C2-D1CE-454F-BB0A-B79C65D344E4}.Release|Any CPU.Build.0 = Release|Any CPU
		{072473E1-4AC9-4F89-A445-92177FADDD81}.Debug|Any CPU.ActiveCfg = Debug|Any CPU
		{072473E1-4AC9-4F89-A445-92177FADDD81}.Debug|Any CPU.Build.0 = Debug|Any CPU
		{072473E1-4AC9-4F89-A445-92177FADDD81}.Release|Any CPU.ActiveCfg = Release|Any CPU
		{072473E1-4AC9-4F89-A445-92177FADDD81}.Release|Any CPU.Build.0 = Release|Any CPU
		{CA805B52-173D-45F5-878D-AACBEB29A244}.Debug|Any CPU.ActiveCfg = Debug|Any CPU
		{CA805B52-173D-45F5-878D-AACBEB29A244}.Debug|Any CPU.Build.0 = Debug|Any CPU
		{CA805B52-173D-45F5-878D-AACBEB29A244}.Release|Any CPU.ActiveCfg = Release|Any CPU
		{CA805B52-173D-45F5-878D-AACBEB29A244}.Release|Any CPU.Build.0 = Release|Any CPU
		{ADF25378-638B-4020-A0AE-B35EE9C69AF4}.Debug|Any CPU.ActiveCfg = Debug|Any CPU
		{ADF25378-638B-4020-A0AE-B35EE9C69AF4}.Debug|Any CPU.Build.0 = Debug|Any CPU
		{ADF25378-638B-4020-A0AE-B35EE9C69AF4}.Release|Any CPU.ActiveCfg = Release|Any CPU
		{ADF25378-638B-4020-A0AE-B35EE9C69AF4}.Release|Any CPU.Build.0 = Release|Any CPU
		{6AA33EAF-8AA7-4F71-8515-AB3C6446E10D}.Debug|Any CPU.ActiveCfg = Debug|Any CPU
		{6AA33EAF-8AA7-4F71-8515-AB3C6446E10D}.Debug|Any CPU.Build.0 = Debug|Any CPU
		{6AA33EAF-8AA7-4F71-8515-AB3C6446E10D}.Release|Any CPU.ActiveCfg = Release|Any CPU
		{6AA33EAF-8AA7-4F71-8515-AB3C6446E10D}.Release|Any CPU.Build.0 = Release|Any CPU
		{0EFB9465-F9E1-43C8-B28E-EB01D0ADA8AD}.Debug|Any CPU.ActiveCfg = Debug|Any CPU
		{0EFB9465-F9E1-43C8-B28E-EB01D0ADA8AD}.Debug|Any CPU.Build.0 = Debug|Any CPU
		{0EFB9465-F9E1-43C8-B28E-EB01D0ADA8AD}.Release|Any CPU.ActiveCfg = Release|Any CPU
		{0EFB9465-F9E1-43C8-B28E-EB01D0ADA8AD}.Release|Any CPU.Build.0 = Release|Any CPU
		{AFF26EC9-717D-4EC0-8A31-B2C7C3B0716E}.Debug|Any CPU.ActiveCfg = Debug|Any CPU
		{AFF26EC9-717D-4EC0-8A31-B2C7C3B0716E}.Debug|Any CPU.Build.0 = Debug|Any CPU
		{AFF26EC9-717D-4EC0-8A31-B2C7C3B0716E}.Release|Any CPU.ActiveCfg = Release|Any CPU
		{AFF26EC9-717D-4EC0-8A31-B2C7C3B0716E}.Release|Any CPU.Build.0 = Release|Any CPU
		{0AC14927-8062-4534-9526-67738C797C38}.Debug|Any CPU.ActiveCfg = Debug|Any CPU
		{0AC14927-8062-4534-9526-67738C797C38}.Debug|Any CPU.Build.0 = Debug|Any CPU
		{0AC14927-8062-4534-9526-67738C797C38}.Release|Any CPU.ActiveCfg = Release|Any CPU
		{0AC14927-8062-4534-9526-67738C797C38}.Release|Any CPU.Build.0 = Release|Any CPU
		{DC297C3D-9416-45AD-8F1A-4EA45F7B9551}.Debug|Any CPU.ActiveCfg = Debug|Any CPU
		{DC297C3D-9416-45AD-8F1A-4EA45F7B9551}.Debug|Any CPU.Build.0 = Debug|Any CPU
		{DC297C3D-9416-45AD-8F1A-4EA45F7B9551}.Release|Any CPU.ActiveCfg = Release|Any CPU
		{DC297C3D-9416-45AD-8F1A-4EA45F7B9551}.Release|Any CPU.Build.0 = Release|Any CPU
		{67C9AE01-F8FD-456D-AAB1-289B273061BE}.Debug|Any CPU.ActiveCfg = Debug|Any CPU
		{67C9AE01-F8FD-456D-AAB1-289B273061BE}.Debug|Any CPU.Build.0 = Debug|Any CPU
		{67C9AE01-F8FD-456D-AAB1-289B273061BE}.Release|Any CPU.ActiveCfg = Release|Any CPU
		{67C9AE01-F8FD-456D-AAB1-289B273061BE}.Release|Any CPU.Build.0 = Release|Any CPU
		{DEAAE6ED-DD41-4364-8988-A878AF105EE7}.Debug|Any CPU.ActiveCfg = Debug|Any CPU
		{DEAAE6ED-DD41-4364-8988-A878AF105EE7}.Debug|Any CPU.Build.0 = Debug|Any CPU
		{DEAAE6ED-DD41-4364-8988-A878AF105EE7}.Release|Any CPU.ActiveCfg = Release|Any CPU
		{DEAAE6ED-DD41-4364-8988-A878AF105EE7}.Release|Any CPU.Build.0 = Release|Any CPU
	EndGlobalSection
	GlobalSection(SolutionProperties) = preSolution
		HideSolutionNode = FALSE
	EndGlobalSection
	GlobalSection(NestedProjects) = preSolution
		{C4B7041C-C521-4F82-8D56-34282C0D8646} = {02EA681E-C7D8-13C7-8484-4AC65E1B71E8}
		{2A146D7A-0E74-42B3-8AA8-79637241247A} = {C4B7041C-C521-4F82-8D56-34282C0D8646}
		{D1B279C2-D1CE-454F-BB0A-B79C65D344E4} = {2A146D7A-0E74-42B3-8AA8-79637241247A}
		{072473E1-4AC9-4F89-A445-92177FADDD81} = {2A146D7A-0E74-42B3-8AA8-79637241247A}
		{CA805B52-173D-45F5-878D-AACBEB29A244} = {2A146D7A-0E74-42B3-8AA8-79637241247A}
		{00FD547A-BC46-4F3F-97F4-AA3B557EF956} = {02EA681E-C7D8-13C7-8484-4AC65E1B71E8}
		{ADF25378-638B-4020-A0AE-B35EE9C69AF4} = {00FD547A-BC46-4F3F-97F4-AA3B557EF956}
		{AA0B6F39-9B3A-4C79-9FA6-AFE063A551E7} = {02EA681E-C7D8-13C7-8484-4AC65E1B71E8}
		{6AA33EAF-8AA7-4F71-8515-AB3C6446E10D} = {AA0B6F39-9B3A-4C79-9FA6-AFE063A551E7}
		{BDF6B5CE-B33C-400E-9E9A-B31B1C6A3B26} = {C4B7041C-C521-4F82-8D56-34282C0D8646}
		{0EFB9465-F9E1-43C8-B28E-EB01D0ADA8AD} = {BDF6B5CE-B33C-400E-9E9A-B31B1C6A3B26}
		{AFF26EC9-717D-4EC0-8A31-B2C7C3B0716E} = {BDF6B5CE-B33C-400E-9E9A-B31B1C6A3B26}
		{0AC14927-8062-4534-9526-67738C797C38} = {BDF6B5CE-B33C-400E-9E9A-B31B1C6A3B26}
		{9363C864-315E-40CE-BD92-D84FFED91E40} = {C4B7041C-C521-4F82-8D56-34282C0D8646}
		{DC297C3D-9416-45AD-8F1A-4EA45F7B9551} = {9363C864-315E-40CE-BD92-D84FFED91E40}
		{67C9AE01-F8FD-456D-AAB1-289B273061BE} = {9363C864-315E-40CE-BD92-D84FFED91E40}
		{DEAAE6ED-DD41-4364-8988-A878AF105EE7} = {9363C864-315E-40CE-BD92-D84FFED91E40}
	EndGlobalSection
	GlobalSection(ExtensibilityGlobals) = postSolution
		SolutionGuid = {9AE1374A-0C9D-45ED-8ED8-891D2FA3B918}
	EndGlobalSection
EndGlobal
